# This file is autogenerated, do not edit; changes may be undone by the next 'dep ensure'.


[[projects]]
  branch = "master"
  digest = "1:36229bd53bdd2f499d555b89fba7aac009e010828459b5445021bff7ae0f2a7c"
  name = "golang.org/x/tour"
  packages = ["wc"]
  pruneopts = "UT"
  revision = "df79fa323b803b074d1d58bef988babd261b04bd"

[solve-meta]
  analyzer-name = "dep"
  analyzer-version = 1
  input-imports = ["golang.org/x/tour/wc"]
  solver-name = "gps-cdcl"
  solver-version = 1
